
Microsoft Visual Studio Solution File, Format Version 12.00
# Visual Studio 14
VisualStudioVersion = 14.0.23107.0
MinimumVisualStudioVersion = 10.0.40219.1
Project("{FAE04EC0-301F-11D3-BF4B-00C04F79EFBC}") = "MyFirstTools", "MyFirstTools\MyFirstTools.csproj", "{9FDD28D0-2C6E-4D4B-99AC-E0D7CDAA917B}"
EndProject
Global
	GlobalSection(SolutionConfigurationPlatforms) = preSolution
		Debug|Any CPU = Debug|Any CPU
		Release|Any CPU = Release|Any CPU
	EndGlobalSection
	GlobalSection(ProjectConfigurationPlatforms) = postSolution
		{9FDD28D0-2C6E-4D4B-99AC-E0D7CDAA917B}.Debug|Any CPU.ActiveCfg = Debug|Any CPU
		{9FDD28D0-2C6E-4D4B-99AC-E0D7CDAA917B}.Debug|Any CPU.Build.0 = Debug|Any CPU
		{9FDD28D0-2C6E-4D4B-99AC-E0D7CDAA917B}.Release|Any CPU.ActiveCfg = Release|Any CPU
		{9FDD28D0-2C6E-4D4B-99AC-E0D7CDAA917B}.Release|Any CPU.Build.0 = Release|Any CPU
	EndGlobalSection
	GlobalSection(SolutionProperties) = preSolution
		HideSolutionNode = FALSE
	EndGlobalSection
EndGlobal
